<?xml version="1.0" encoding="utf-8"?>
<Project ToolsVersion="4.0" xmlns="http://schemas.microsoft.com/developer/msbuild/2003">
  <ItemGroup>
    <ClCompile Include="redis_test.cpp" />
    <ClCompile Include="redis\credis.c">
      <Filter>redis</Filter>
    </ClCompile>
    <ClCompile Include="redis\credis-test.c">
      <Filter>redis</Filter>
    </ClCompile>
    <ClCompile Include="redis_mgr.cpp" />
    <ClCompile Include="ms_base.cpp" />
    <ClCompile Include="guild_mgr.cpp" />
    <ClCompile Include="logic_production_line.cpp" />
  </ItemGroup>
  <ItemGroup>
    <ClInclude Include="redis\credis.h">
      <Filter>redis</Filter>
    </ClInclude>
    <ClInclude Include="redis_mgr.h" />
    <ClInclude Include="ms_base.h" />
    <ClInclude Include="guild_mgr.h" />
    <ClInclude Include="logic_production_line.h" />
    <ClInclude Include="squeue.hpp" />
    <ClInclude Include="SyncQueue.hpp" />
  </ItemGroup>
  <ItemGroup>
    <Filter Include="redis">
      <UniqueIdentifier>{2f599557-a119-49e3-84f0-8dd7beab832f}</UniqueIdentifier>
    </Filter>
  </ItemGroup>
</Project>